# This file is autogenerated, do not edit; changes may be undone by the next 'dep ensure'.


[[projects]]
  digest = "1:6c8d51660e50d38116fe8c29eefc00ce856300329993980f7ce7333a522a6a99"
  name = "github.com/aws/aws-lambda-go"
  packages = [
    "events",
    "lambda",
    "lambda/messages",
    "lambdacontext",
  ]
  pruneopts = "UT"
  revision = "4d30d0ff60440c2d0480a15747c96ee71c3c53d4"
  version = "v1.2.0"

[[projects]]
  digest = "1:a2c1d0e43bd3baaa071d1b9ed72c27d78169b2b269f71c105ac4ba34b1be4a39"
  name = "github.com/davecgh/go-spew"
  packages = ["spew"]
  pruneopts = "UT"
  revision = "346938d642f2ec3594ed81d874461961cd0faa76"
  version = "v1.1.0"

[[projects]]
  branch = "master"
  digest = "1:dbc01e5067993535c923a2089b4949255993223ce004790aa134b64aef0f79a2"
  name = "github.com/fnproject/fdk-go"
  packages = [
    ".",
    "utils",
  ]
  pruneopts = "UT"
  revision = "1eb29530716f262bad5b83eb9a5b3f7483636949"

[[projects]]
  digest = "1:7b5c6e2eeaa9ae5907c391a91c132abfd5c9e8a784a341b5625e750c67e6825d"
  name = "github.com/gorilla/websocket"
  packages = ["."]
  pruneopts = "UT"
  revision = "66b9c49e59c6c48f0ffce28c2d8b8a5678502c6d"
  version = "v1.4.0"

[[projects]]
  digest = "1:3b60e83c47b2a537921cea9e4d2625a2e88c8b025875676ab9906db903254b92"
  name = "github.com/kubeless/kubeless"
  packages = ["pkg/functions"]
  pruneopts = "UT"
  revision = "3bec4b65f29d830bd6709abb07e00f11fe54d646"
  version = "v0.6.0"

[[projects]]
  digest = "1:95d38d218bf2290987c6b0e885a9f0f2d3d3239235acaddca01c3fe36e5e5566"
  name = "github.com/nlopes/slack"
  packages = [
    ".",
    "slackutilsx",
  ]
  pruneopts = "UT"
  revision = "b9033a72a20bf84563485e86a2adbea4bf265804"
  version = "v0.4.0"

[[projects]]
  digest = "1:40e195917a951a8bf867cd05de2a46aaf1806c50cf92eebf4c16f78cd196f747"
  name = "github.com/pkg/errors"
  packages = ["."]
  pruneopts = "UT"
  revision = "645ef00459ed84a119197bfb8d8205042c6df63d"
  version = "v0.8.0"

[[projects]]
  digest = "1:0028cb19b2e4c3112225cd871870f2d9cf49b9b4276531f03438a88e94be86fe"
  name = "github.com/pmezard/go-difflib"
  packages = ["difflib"]
  pruneopts = "UT"
  revision = "792786c7400a136282c1664665ae0a8db921c6c2"
  version = "v1.0.0"

[[projects]]
  digest = "1:18752d0b95816a1b777505a97f71c7467a8445b8ffb55631a7bf779f6ba4fa83"
  name = "github.com/stretchr/testify"
  packages = ["assert"]
  pruneopts = "UT"
  revision = "f35b8ab0b5a2cef36673838d662e249dd9c94686"
  version = "v1.2.2"

[[projects]]
  digest = "1:6ad2104db8f34b8656382ef0a7297b9a5cc42e7bdce95d968e02b92fc97470d1"
  name = "golang.org/x/net"
  packages = ["context"]
  pruneopts = "UT"
  revision = "1c05540f6879653db88113bc4a2b70aec4bd491f"

[solve-meta]
  analyzer-name = "dep"
  analyzer-version = 1
  input-imports = [
    "github.com/aws/aws-lambda-go/events",
    "github.com/aws/aws-lambda-go/lambda",
    "github.com/fnproject/fdk-go",
    "github.com/kubeless/kubeless/pkg/functions",
    "github.com/nlopes/slack",
    "github.com/stretchr/testify/assert",
  ]
  solver-name = "gps-cdcl"
  solver-version = 1
