# This file is autogenerated, do not edit; changes may be undone by the next 'dep ensure'.


[[projects]]
  digest = "1:6c8d51660e50d38116fe8c29eefc00ce856300329993980f7ce7333a522a6a99"
  name = "github.com/aws/aws-lambda-go"
  packages = [
    "events",
    "lambda",
    "lambda/messages",
    "lambdacontext",
  ]
  pruneopts = "UT"
  revision = "4d30d0ff60440c2d0480a15747c96ee71c3c53d4"
  version = "v1.2.0"

[[projects]]
  digest = "1:3a59e07699ad8d616cd8a11a72426cbac03e021ae6a98da7542f7fbcfe6ed7e7"
  name = "github.com/aws/aws-sdk-go"
  packages = [
    "aws",
    "aws/awserr",
    "aws/awsutil",
    "aws/client",
    "aws/client/metadata",
    "aws/corehandlers",
    "aws/credentials",
    "aws/credentials/ec2rolecreds",
    "aws/credentials/endpointcreds",
    "aws/credentials/processcreds",
    "aws/credentials/stscreds",
    "aws/crr",
    "aws/csm",
    "aws/defaults",
    "aws/ec2metadata",
    "aws/endpoints",
    "aws/request",
    "aws/session",
    "aws/signer/v4",
    "internal/ini",
    "internal/s3err",
    "internal/sdkio",
    "internal/sdkrand",
    "internal/sdkuri",
    "internal/shareddefaults",
    "private/protocol",
    "private/protocol/eventstream",
    "private/protocol/eventstream/eventstreamapi",
    "private/protocol/json/jsonutil",
    "private/protocol/jsonrpc",
    "private/protocol/query",
    "private/protocol/query/queryutil",
    "private/protocol/rest",
    "private/protocol/restxml",
    "private/protocol/xml/xmlutil",
    "service/dynamodb",
    "service/dynamodb/dynamodbattribute",
    "service/dynamodb/expression",
    "service/s3",
    "service/sns",
    "service/sts",
  ]
  pruneopts = "UT"
  revision = "818fa5c274d4dee665096411e2bad037f47c31f7"
  version = "v1.16.3"

[[projects]]
  digest = "1:a2c1d0e43bd3baaa071d1b9ed72c27d78169b2b269f71c105ac4ba34b1be4a39"
  name = "github.com/davecgh/go-spew"
  packages = ["spew"]
  pruneopts = "UT"
  revision = "346938d642f2ec3594ed81d874461961cd0faa76"
  version = "v1.1.0"

[[projects]]
  digest = "1:7b5c6e2eeaa9ae5907c391a91c132abfd5c9e8a784a341b5625e750c67e6825d"
  name = "github.com/gorilla/websocket"
  packages = ["."]
  pruneopts = "UT"
  revision = "66b9c49e59c6c48f0ffce28c2d8b8a5678502c6d"
  version = "v1.4.0"

[[projects]]
  digest = "1:bb81097a5b62634f3e9fec1014657855610c82d19b9a40c17612e32651e35dca"
  name = "github.com/jmespath/go-jmespath"
  packages = ["."]
  pruneopts = "UT"
  revision = "c2b33e84"

[[projects]]
  digest = "1:95d38d218bf2290987c6b0e885a9f0f2d3d3239235acaddca01c3fe36e5e5566"
  name = "github.com/nlopes/slack"
  packages = [
    ".",
    "slackutilsx",
  ]
  pruneopts = "UT"
  revision = "b9033a72a20bf84563485e86a2adbea4bf265804"
  version = "v0.4.0"

[[projects]]
  digest = "1:40e195917a951a8bf867cd05de2a46aaf1806c50cf92eebf4c16f78cd196f747"
  name = "github.com/pkg/errors"
  packages = ["."]
  pruneopts = "UT"
  revision = "645ef00459ed84a119197bfb8d8205042c6df63d"
  version = "v0.8.0"

[[projects]]
  digest = "1:0028cb19b2e4c3112225cd871870f2d9cf49b9b4276531f03438a88e94be86fe"
  name = "github.com/pmezard/go-difflib"
  packages = ["difflib"]
  pruneopts = "UT"
  revision = "792786c7400a136282c1664665ae0a8db921c6c2"
  version = "v1.0.0"

[[projects]]
  digest = "1:18752d0b95816a1b777505a97f71c7467a8445b8ffb55631a7bf779f6ba4fa83"
  name = "github.com/stretchr/testify"
  packages = ["assert"]
  pruneopts = "UT"
  revision = "f35b8ab0b5a2cef36673838d662e249dd9c94686"
  version = "v1.2.2"

[solve-meta]
  analyzer-name = "dep"
  analyzer-version = 1
  input-imports = [
    "github.com/aws/aws-lambda-go/events",
    "github.com/aws/aws-lambda-go/lambda",
    "github.com/aws/aws-sdk-go/aws",
    "github.com/aws/aws-sdk-go/aws/session",
    "github.com/aws/aws-sdk-go/service/dynamodb",
    "github.com/aws/aws-sdk-go/service/dynamodb/dynamodbattribute",
    "github.com/aws/aws-sdk-go/service/dynamodb/expression",
    "github.com/aws/aws-sdk-go/service/s3",
    "github.com/aws/aws-sdk-go/service/sns",
    "github.com/nlopes/slack",
    "github.com/stretchr/testify/assert",
  ]
  solver-name = "gps-cdcl"
  solver-version = 1
